
Microsoft Visual Studio Solution File, Format Version 12.00
# Visual Studio Version 16
VisualStudioVersion = 16.0.30907.101
MinimumVisualStudioVersion = 10.0.40219.1
Project("{888888A0-9F3D-457C-B088-3A5042F75D52}") = "i18nFromExcel", "i18nFromExcel\i18nFromExcel.pyproj", "{D9C7F917-3EF1-4773-AFC3-BD77BD517E7A}"
EndProject
Global
	GlobalSection(SolutionConfigurationPlatforms) = preSolution
		Debug|Any CPU = Debug|Any CPU
		Release|Any CPU = Release|Any CPU
		Test|Any CPU = Test|Any CPU
	EndGlobalSection
	GlobalSection(ProjectConfigurationPlatforms) = postSolution
		{D9C7F917-3EF1-4773-AFC3-BD77BD517E7A}.Debug|Any CPU.ActiveCfg = Debug|Any CPU
		{D9C7F917-3EF1-4773-AFC3-BD77BD517E7A}.Release|Any CPU.ActiveCfg = Release|Any CPU
		{D9C7F917-3EF1-4773-AFC3-BD77BD517E7A}.Test|Any CPU.ActiveCfg = Test|Any CPU
	EndGlobalSection
	GlobalSection(SolutionProperties) = preSolution
		HideSolutionNode = FALSE
	EndGlobalSection
	GlobalSection(ExtensibilityGlobals) = postSolution
		SolutionGuid = {61357760-30B2-466A-90AC-613F5B70812C}
	EndGlobalSection
EndGlobal
